
Microsoft Visual Studio Solution File, Format Version 12.00
# Visual Studio Version 17
VisualStudioVersion = 17.5.33530.505
MinimumVisualStudioVersion = 10.0.40219.1
Project("{FAE04EC0-301F-11D3-BF4B-00C04F79EFBC}") = "EmployeeManagementSy", "EmployeeManagementSy\EmployeeManagementSy.csproj", "{885CCE5E-280C-4CF5-950F-2B223E197E1B}"
EndProject
Global
	GlobalSection(SolutionConfigurationPlatforms) = preSolution
		Debug|Any CPU = Debug|Any CPU
		Release|Any CPU = Release|Any CPU
	EndGlobalSection
	GlobalSection(ProjectConfigurationPlatforms) = postSolution
		{885CCE5E-280C-4CF5-950F-2B223E197E1B}.Debug|Any CPU.ActiveCfg = Debug|Any CPU
		{885CCE5E-280C-4CF5-950F-2B223E197E1B}.Debug|Any CPU.Build.0 = Debug|Any CPU
		{885CCE5E-280C-4CF5-950F-2B223E197E1B}.Release|Any CPU.ActiveCfg = Release|Any CPU
		{885CCE5E-280C-4CF5-950F-2B223E197E1B}.Release|Any CPU.Build.0 = Release|Any CPU
	EndGlobalSection
	GlobalSection(SolutionProperties) = preSolution
		HideSolutionNode = FALSE
	EndGlobalSection
	GlobalSection(ExtensibilityGlobals) = postSolution
		SolutionGuid = {942F43ED-2946-41E7-9D38-D53C540F71A7}
	EndGlobalSection
EndGlobal
